
Microsoft Visual Studio Solution File, Format Version 12.00
# Visual Studio Version 16
VisualStudioVersion = 16.0.30002.166
MinimumVisualStudioVersion = 10.0.40219.1
Project("{FAE04EC0-301F-11D3-BF4B-00C04F79EFBC}") = "mapos", "mapos\mapos.csproj", "{3061428C-E7CB-4BA7-BAC8-7C26B520E50D}"
EndProject
Global
	GlobalSection(SolutionConfigurationPlatforms) = preSolution
		Debug|Any CPU = Debug|Any CPU
		Release|Any CPU = Release|Any CPU
	EndGlobalSection
	GlobalSection(ProjectConfigurationPlatforms) = postSolution
		{3061428C-E7CB-4BA7-BAC8-7C26B520E50D}.Debug|Any CPU.ActiveCfg = Debug|Any CPU
		{3061428C-E7CB-4BA7-BAC8-7C26B520E50D}.Debug|Any CPU.Build.0 = Debug|Any CPU
		{3061428C-E7CB-4BA7-BAC8-7C26B520E50D}.Release|Any CPU.ActiveCfg = Release|Any CPU
		{3061428C-E7CB-4BA7-BAC8-7C26B520E50D}.Release|Any CPU.Build.0 = Release|Any CPU
	EndGlobalSection
	GlobalSection(SolutionProperties) = preSolution
		HideSolutionNode = FALSE
	EndGlobalSection
	GlobalSection(ExtensibilityGlobals) = postSolution
		SolutionGuid = {1809F4A9-0F43-4AD7-8A79-96EC6F7A3A34}
	EndGlobalSection
EndGlobal
